{
  "name": "ClinicaVeterinaria",
  "lockfileVersion": 2,
  "requires": true,
  "packages": {
    "": {
      "dependencies": {
        "tilt.js": "^1.2.1",
        "vanilla-tilt": "^1.8.0"
      }
    },
    "node_modules/jquery": {
      "version": "3.6.3",
      "resolved": "https://registry.npmjs.org/jquery/-/jquery-3.6.3.tgz",
      "integrity": "sha512-bZ5Sy3YzKo9Fyc8wH2iIQK4JImJ6R0GWI9kL1/k7Z91ZBNgkRXE6U0JfHIizZbort8ZunhSI3jw9I6253ahKfg=="
    },
    "node_modules/tilt.js": {
      "version": "1.2.1",
      "resolved": "https://registry.npmjs.org/tilt.js/-/tilt.js-1.2.1.tgz",
      "integrity": "sha512-IGRh3FJbq6BRH2ETb2KxDWont2k740oR+0QMs39QVkjnr7QmA6L1VzSKsOLgFXg5QNtHyRKp7vzFoJCYxgzsJA==",
      "dependencies": {
        "jquery": "^3.1.1"
      }
    },
    "node_modules/vanilla-tilt": {
      "version": "1.8.0",
      "resolved": "https://registry.npmjs.org/vanilla-tilt/-/vanilla-tilt-1.8.0.tgz",
      "integrity": "sha512-wVCHyyfRuiRdKhDTNxKPb60lkagmywDSqLgFETEr71Sm646AvGxuf/14Kx9A8FaISyYvMoKQHk6FTqt+YLGhEw=="
    }
  },
  "dependencies": {
    "jquery": {
      "version": "3.6.3",
      "resolved": "https://registry.npmjs.org/jquery/-/jquery-3.6.3.tgz",
      "integrity": "sha512-bZ5Sy3YzKo9Fyc8wH2iIQK4JImJ6R0GWI9kL1/k7Z91ZBNgkRXE6U0JfHIizZbort8ZunhSI3jw9I6253ahKfg=="
    },
    "tilt.js": {
      "version": "1.2.1",
      "resolved": "https://registry.npmjs.org/tilt.js/-/tilt.js-1.2.1.tgz",
      "integrity": "sha512-IGRh3FJbq6BRH2ETb2KxDWont2k740oR+0QMs39QVkjnr7QmA6L1VzSKsOLgFXg5QNtHyRKp7vzFoJCYxgzsJA==",
      "requires": {
        "jquery": "^3.1.1"
      }
    },
    "vanilla-tilt": {
      "version": "1.8.0",
      "resolved": "https://registry.npmjs.org/vanilla-tilt/-/vanilla-tilt-1.8.0.tgz",
      "integrity": "sha512-wVCHyyfRuiRdKhDTNxKPb60lkagmywDSqLgFETEr71Sm646AvGxuf/14Kx9A8FaISyYvMoKQHk6FTqt+YLGhEw=="
    }
  }
}
